
Microsoft Visual Studio Solution File, Format Version 12.00
# Visual Studio Version 17
VisualStudioVersion = 17.4.33205.214
MinimumVisualStudioVersion = 10.0.40219.1
Project("{FAE04EC0-301F-11D3-BF4B-00C04F79EFBC}") = "CamundaWebApiTestProject", "CamundaWebApiTestProject\CamundaWebApiTestProject.csproj", "{FE514A19-555E-497F-BA7F-B80151C99E84}"
EndProject
Global
	GlobalSection(SolutionConfigurationPlatforms) = preSolution
		Debug|Any CPU = Debug|Any CPU
		Release|Any CPU = Release|Any CPU
	EndGlobalSection
	GlobalSection(ProjectConfigurationPlatforms) = postSolution
		{FE514A19-555E-497F-BA7F-B80151C99E84}.Debug|Any CPU.ActiveCfg = Debug|Any CPU
		{FE514A19-555E-497F-BA7F-B80151C99E84}.Debug|Any CPU.Build.0 = Debug|Any CPU
		{FE514A19-555E-497F-BA7F-B80151C99E84}.Release|Any CPU.ActiveCfg = Release|Any CPU
		{FE514A19-555E-497F-BA7F-B80151C99E84}.Release|Any CPU.Build.0 = Release|Any CPU
	EndGlobalSection
	GlobalSection(SolutionProperties) = preSolution
		HideSolutionNode = FALSE
	EndGlobalSection
	GlobalSection(ExtensibilityGlobals) = postSolution
		SolutionGuid = {BB7F3D91-E26C-4AEE-AAF0-E1D14C7AA921}
	EndGlobalSection
EndGlobal
